
Microsoft Visual Studio Solution File, Format Version 12.00
# Visual Studio Version 17
VisualStudioVersion = 17.8.34212.112
MinimumVisualStudioVersion = 10.0.40219.1
Project("{FAE04EC0-301F-11D3-BF4B-00C04F79EFBC}") = "ExitToMainMenuInsteadOfDesktop", "ExitToMainMenuInsteadOfDesktop.csproj", "{491D2279-B568-4F49-A54E-1510E40E2EB4}"
EndProject
Global
	GlobalSection(SolutionConfigurationPlatforms) = preSolution
		Debug|Any CPU = Debug|Any CPU
		Release|Any CPU = Release|Any CPU
	EndGlobalSection
	GlobalSection(ProjectConfigurationPlatforms) = postSolution
		{491D2279-B568-4F49-A54E-1510E40E2EB4}.Debug|Any CPU.ActiveCfg = Debug|Any CPU
		{491D2279-B568-4F49-A54E-1510E40E2EB4}.Debug|Any CPU.Build.0 = Debug|Any CPU
		{491D2279-B568-4F49-A54E-1510E40E2EB4}.Release|Any CPU.ActiveCfg = Release|Any CPU
		{491D2279-B568-4F49-A54E-1510E40E2EB4}.Release|Any CPU.Build.0 = Release|Any CPU
	EndGlobalSection
	GlobalSection(SolutionProperties) = preSolution
		HideSolutionNode = FALSE
	EndGlobalSection
	GlobalSection(ExtensibilityGlobals) = postSolution
		SolutionGuid = {BE9E7240-8F73-4DB6-BB47-A8A2FD3745CF}
	EndGlobalSection
EndGlobal
